{
  "requires": true,
  "lockfileVersion": 1,
  "dependencies": {
    "tabulator-tables": {
      "version": "4.8.1",
      "resolved": "https://registry.npmjs.org/tabulator-tables/-/tabulator-tables-4.8.1.tgz",
      "integrity": "sha512-4+mX2GWyDALOzFxe38oYtMSb0XZp6TxP/kscf4M1AwG3+P05S+0oiSqNeTRNSRceL+4YeQhxSzoBsWCim9FFMg=="
    }
  }
}
